
Microsoft Visual Studio Solution File, Format Version 12.00
# Visual Studio Version 17
VisualStudioVersion = 17.10.35013.160
MinimumVisualStudioVersion = 10.0.40219.1
Project("{FAE04EC0-301F-11D3-BF4B-00C04F79EFBC}") = "MSBuildProjectModifierSample", "MSBuildProjectModifierSample\MSBuildProjectModifierSample.csproj", "{7951820B-6A96-4C9D-B55B-6A10794FEEA3}"
EndProject
Global
	GlobalSection(SolutionConfigurationPlatforms) = preSolution
		Debug|Any CPU = Debug|Any CPU
		Release|Any CPU = Release|Any CPU
	EndGlobalSection
	GlobalSection(ProjectConfigurationPlatforms) = postSolution
		{7951820B-6A96-4C9D-B55B-6A10794FEEA3}.Debug|Any CPU.ActiveCfg = Debug|Any CPU
		{7951820B-6A96-4C9D-B55B-6A10794FEEA3}.Debug|Any CPU.Build.0 = Debug|Any CPU
		{7951820B-6A96-4C9D-B55B-6A10794FEEA3}.Release|Any CPU.ActiveCfg = Release|Any CPU
		{7951820B-6A96-4C9D-B55B-6A10794FEEA3}.Release|Any CPU.Build.0 = Release|Any CPU
	EndGlobalSection
	GlobalSection(SolutionProperties) = preSolution
		HideSolutionNode = FALSE
	EndGlobalSection
	GlobalSection(ExtensibilityGlobals) = postSolution
		SolutionGuid = {E06507CE-3178-49B5-A718-9C6C1613A9CC}
	EndGlobalSection
EndGlobal
